
Microsoft Visual Studio Solution File, Format Version 12.00
# Visual Studio Version 17
VisualStudioVersion = 17.5.33414.496
MinimumVisualStudioVersion = 10.0.40219.1
Project("{FAE04EC0-301F-11D3-BF4B-00C04F79EFBC}") = "Desafio4", "Desafio4\Desafio4.csproj", "{AF6E354B-3B8D-4C93-B7C6-45F7FE80170B}"
EndProject
Global
	GlobalSection(SolutionConfigurationPlatforms) = preSolution
		Debug|Any CPU = Debug|Any CPU
		Release|Any CPU = Release|Any CPU
	EndGlobalSection
	GlobalSection(ProjectConfigurationPlatforms) = postSolution
		{AF6E354B-3B8D-4C93-B7C6-45F7FE80170B}.Debug|Any CPU.ActiveCfg = Debug|Any CPU
		{AF6E354B-3B8D-4C93-B7C6-45F7FE80170B}.Debug|Any CPU.Build.0 = Debug|Any CPU
		{AF6E354B-3B8D-4C93-B7C6-45F7FE80170B}.Release|Any CPU.ActiveCfg = Release|Any CPU
		{AF6E354B-3B8D-4C93-B7C6-45F7FE80170B}.Release|Any CPU.Build.0 = Release|Any CPU
	EndGlobalSection
	GlobalSection(SolutionProperties) = preSolution
		HideSolutionNode = FALSE
	EndGlobalSection
	GlobalSection(ExtensibilityGlobals) = postSolution
		SolutionGuid = {8F800841-DAA7-4636-B555-CC9863C0F3B3}
	EndGlobalSection
EndGlobal
